{
  "nodes": {
    "flake-compat": {
      "flake": false,
      "locked": {
        "lastModified": 1696426674,
        "narHash": "sha256-kvjfFW7WAETZlt09AgDn1MrtKzP7t90Vf7vypd3OL1U=",
        "owner": "edolstra",
        "repo": "flake-compat",
        "rev": "0f9255e01c2351cc7d116c072cb317785dd33b33",
        "type": "github"
      },
      "original": {
        "owner": "edolstra",
        "repo": "flake-compat",
        "type": "github"
      }
    },
    "flake-utils": {
      "inputs": {
        "systems": "systems"
      },
      "locked": {
        "lastModified": 1710146030,
        "narHash": "sha256-SZ5L6eA7HJ/nmkzGG7/ISclqe6oZdOZTNoesiInkXPQ=",
        "owner": "numtide",
        "repo": "flake-utils",
        "rev": "b1d9ab70662946ef0850d488da1c9019f3a9752a",
        "type": "github"
      },
      "original": {
        "owner": "numtide",
        "repo": "flake-utils",
        "type": "github"
      }
    },
    "home-manager": {
      "inputs": {
        "nixpkgs": [
          "nixpkgs"
        ]
      },
      "locked": {
        "lastModified": 1726214280,
        "narHash": "sha256-LqeIwfMuvAXV3DPZpd6BgOk/YfcJJyu5eredE/tEsJE=",
        "owner": "nix-community",
        "repo": "home-manager",
        "rev": "433e686675ba24176fe3383916a4bd1c9799c676",
        "type": "github"
      },
      "original": {
        "owner": "nix-community",
        "repo": "home-manager",
        "type": "github"
      }
    },
    "nixos-wsl": {
      "inputs": {
        "flake-compat": "flake-compat",
        "flake-utils": "flake-utils",
        "nixpkgs": "nixpkgs"
      },
      "locked": {
        "lastModified": 1725882169,
        "narHash": "sha256-v5L+Dh6KdyycIgcdIc6SQ1fRNNvFJmYz02+fyeptA2o=",
        "owner": "nix-community",
        "repo": "NixOS-WSL",
        "rev": "34b95b3962f5b3436d4bae5091d1b2ff7c1eb180",
        "type": "github"
      },
      "original": {
        "owner": "nix-community",
        "ref": "main",
        "repo": "NixOS-WSL",
        "type": "github"
      }
    },
    "nixpkgs": {
      "locked": {
        "lastModified": 1725693463,
        "narHash": "sha256-ZPzhebbWBOr0zRWW10FfqfbJlan3G96/h3uqhiFqmwg=",
        "owner": "NixOS",
        "repo": "nixpkgs",
        "rev": "68e7dce0a6532e876980764167ad158174402c6f",
        "type": "github"
      },
      "original": {
        "owner": "NixOS",
        "ref": "nixos-24.05",
        "repo": "nixpkgs",
        "type": "github"
      }
    },
    "nixpkgs_2": {
      "locked": {
        "lastModified": 1725983898,
        "narHash": "sha256-4b3A9zPpxAxLnkF9MawJNHDtOOl6ruL0r6Og1TEDGCE=",
        "owner": "nixos",
        "repo": "nixpkgs",
        "rev": "1355a0cbfeac61d785b7183c0caaec1f97361b43",
        "type": "github"
      },
      "original": {
        "owner": "nixos",
        "ref": "nixos-unstable",
        "repo": "nixpkgs",
        "type": "github"
      }
    },
    "plasma-manager": {
      "inputs": {
        "home-manager": [
          "home-manager"
        ],
        "nixpkgs": [
          "nixpkgs"
        ]
      },
      "locked": {
        "lastModified": 1725914634,
        "narHash": "sha256-U74hu15xSb6JNySMOwyJrsh4uk1DVa182bdHLeHdYMc=",
        "owner": "pjones",
        "repo": "plasma-manager",
        "rev": "60becd0e994e25b372c8d0500fc944396f6c1085",
        "type": "github"
      },
      "original": {
        "owner": "pjones",
        "repo": "plasma-manager",
        "type": "github"
      }
    },
    "root": {
      "inputs": {
        "home-manager": "home-manager",
        "nixos-wsl": "nixos-wsl",
        "nixpkgs": "nixpkgs_2",
        "plasma-manager": "plasma-manager",
        "umu": "umu"
      }
    },
    "systems": {
      "locked": {
        "lastModified": 1681028828,
        "narHash": "sha256-Vy1rq5AaRuLzOxct8nz4T6wlgyUR7zLU309k9mBC768=",
        "owner": "nix-systems",
        "repo": "default",
        "rev": "da67096a3b9bf56a91d16901293e51ba5b49a27e",
        "type": "github"
      },
      "original": {
        "owner": "nix-systems",
        "repo": "default",
        "type": "github"
      }
    },
    "umu": {
      "inputs": {
        "nixpkgs": [
          "nixpkgs"
        ]
      },
      "locked": {
        "dir": "packaging/nix",
        "lastModified": 1726615585,
        "narHash": "sha256-XOrqMkphrtEsHJTritEQPoj+nB0oXqaA1xjB1q++qfk=",
        "ref": "refs/heads/main",
        "rev": "48741907db5dace31e6861b6be3a648a5cf1fb5b",
        "revCount": 721,
        "submodules": true,
        "type": "git",
        "url": "https://github.com/Open-Wine-Components/umu-launcher/?dir=packaging/nix"
      },
      "original": {
        "dir": "packaging/nix",
        "submodules": true,
        "type": "git",
        "url": "https://github.com/Open-Wine-Components/umu-launcher/?dir=packaging/nix"
      }
    }
  },
  "root": "root",
  "version": 7
}
